// !$*UTF8*$!
{
	archiveVersion = 1;
	classes = {
	};
	objectVersion = 55;
	objects = {

/* Begin PBXBuildFile section */
		63C26F8B276B548D0000857C /* AppDelegate.swift in Sources */ = {isa = PBXBuildFile; fileRef = 63C26F8A276B548D0000857C /* AppDelegate.swift */; };
		63C26F8D276B548D0000857C /* SceneDelegate.swift in Sources */ = {isa = PBXBuildFile; fileRef = 63C26F8C276B548D0000857C /* SceneDelegate.swift */; };
		63C26F8F276B548D0000857C /* ViewController.swift in Sources */ = {isa = PBXBuildFile; fileRef = 63C26F8E276B548D0000857C /* ViewController.swift */; };
		63C26F92276B548D0000857C /* Main.storyboard in Resources */ = {isa = PBXBuildFile; fileRef = 63C26F90276B548D0000857C /* Main.storyboard */; };
		63C26F95276B548D0000857C /* MyTaxsiProject.xcdatamodeld in Sources */ = {isa = PBXBuildFile; fileRef = 63C26F93276B548D0000857C /* MyTaxsiProject.xcdatamodeld */; };
		63C26F97276B54900000857C /* Assets.xcassets in Resources */ = {isa = PBXBuildFile; fileRef = 63C26F96276B54900000857C /* Assets.xcassets */; };
		63C26F9A276B54900000857C /* LaunchScreen.storyboard in Resources */ = {isa = PBXBuildFile; fileRef = 63C26F98276B54900000857C /* LaunchScreen.storyboard */; };
		63C26FA6276C4DC50000857C /* MenuListVC.swift in Sources */ = {isa = PBXBuildFile; fileRef = 63C26FA5276C4DC50000857C /* MenuListVC.swift */; };
		63C26FA8276C50670000857C /* SideMenuCell.swift in Sources */ = {isa = PBXBuildFile; fileRef = 63C26FA7276C50670000857C /* SideMenuCell.swift */; };
		63C26FAA276C5B600000857C /* MytripsViewController.swift in Sources */ = {isa = PBXBuildFile; fileRef = 63C26FA9276C5B600000857C /* MytripsViewController.swift */; };
		63C26FAD276C8C830000857C /* OrderViewCell.swift in Sources */ = {isa = PBXBuildFile; fileRef = 63C26FAC276C8C830000857C /* OrderViewCell.swift */; };
		63C26FB0276CB8500000857C /* OrderData.swift in Sources */ = {isa = PBXBuildFile; fileRef = 63C26FAF276CB8500000857C /* OrderData.swift */; };
		84DA70CA59080BEF283C2E98 /* Pods_MyTaxsiProject.framework in Frameworks */ = {isa = PBXBuildFile; fileRef = 47040DE3B7D7C9AFC06F1A84 /* Pods_MyTaxsiProject.framework */; };
/* End PBXBuildFile section */

/* Begin PBXFileReference section */
		47040DE3B7D7C9AFC06F1A84 /* Pods_MyTaxsiProject.framework */ = {isa = PBXFileReference; explicitFileType = wrapper.framework; includeInIndex = 0; path = Pods_MyTaxsiProject.framework; sourceTree = BUILT_PRODUCTS_DIR; };
		63C26F87276B548D0000857C /* MyTaxsiProject.app */ = {isa = PBXFileReference; explicitFileType = wrapper.application; includeInIndex = 0; path = MyTaxsiProject.app; sourceTree = BUILT_PRODUCTS_DIR; };
		63C26F8A276B548D0000857C /* AppDelegate.swift */ = {isa = PBXFileReference; lastKnownFileType = sourcecode.swift; path = AppDelegate.swift; sourceTree = "<group>"; };
		63C26F8C276B548D0000857C /* SceneDelegate.swift */ = {isa = PBXFileReference; lastKnownFileType = sourcecode.swift; path = SceneDelegate.swift; sourceTree = "<group>"; };
		63C26F8E276B548D0000857C /* ViewController.swift */ = {isa = PBXFileReference; lastKnownFileType = sourcecode.swift; path = ViewController.swift; sourceTree = "<group>"; };
		63C26F91276B548D0000857C /* Base */ = {isa = PBXFileReference; lastKnownFileType = file.storyboard; name = Base; path = Base.lproj/Main.storyboard; sourceTree = "<group>"; };
		63C26F94276B548D0000857C /* MyTaxsiProject.xcdatamodel */ = {isa = PBXFileReference; lastKnownFileType = wrapper.xcdatamodel; path = MyTaxsiProject.xcdatamodel; sourceTree = "<group>"; };
		63C26F96276B54900000857C /* Assets.xcassets */ = {isa = PBXFileReference; lastKnownFileType = folder.assetcatalog; path = Assets.xcassets; sourceTree = "<group>"; };
		63C26F99276B54900000857C /* Base */ = {isa = PBXFileReference; lastKnownFileType = file.storyboard; name = Base; path = Base.lproj/LaunchScreen.storyboard; sourceTree = "<group>"; };
		63C26F9B276B54900000857C /* Info.plist */ = {isa = PBXFileReference; lastKnownFileType = text.plist.xml; path = Info.plist; sourceTree = "<group>"; };
		63C26FA5276C4DC50000857C /* MenuListVC.swift */ = {isa = PBXFileReference; lastKnownFileType = sourcecode.swift; path = MenuListVC.swift; sourceTree = "<group>"; };
		63C26FA7276C50670000857C /* SideMenuCell.swift */ = {isa = PBXFileReference; lastKnownFileType = sourcecode.swift; path = SideMenuCell.swift; sourceTree = "<group>"; };
		63C26FA9276C5B600000857C /* MytripsViewController.swift */ = {isa = PBXFileReference; lastKnownFileType = sourcecode.swift; path = MytripsViewController.swift; sourceTree = "<group>"; };
		63C26FAC276C8C830000857C /* OrderViewCell.swift */ = {isa = PBXFileReference; lastKnownFileType = sourcecode.swift; path = OrderViewCell.swift; sourceTree = "<group>"; };
		63C26FAF276CB8500000857C /* OrderData.swift */ = {isa = PBXFileReference; lastKnownFileType = sourcecode.swift; path = OrderData.swift; sourceTree = "<group>"; };
		81E12EDC792DDAB4CE36FA85 /* Pods-MyTaxsiProject.release.xcconfig */ = {isa = PBXFileReference; includeInIndex = 1; lastKnownFileType = text.xcconfig; name = "Pods-MyTaxsiProject.release.xcconfig"; path = "Target Support Files/Pods-MyTaxsiProject/Pods-MyTaxsiProject.release.xcconfig"; sourceTree = "<group>"; };
		B7353E10A6A5A77F917C0AE2 /* Pods-MyTaxsiProject.debug.xcconfig */ = {isa = PBXFileReference; includeInIndex = 1; lastKnownFileType = text.xcconfig; name = "Pods-MyTaxsiProject.debug.xcconfig"; path = "Target Support Files/Pods-MyTaxsiProject/Pods-MyTaxsiProject.debug.xcconfig"; sourceTree = "<group>"; };
/* End PBXFileReference section */

/* Begin PBXFrameworksBuildPhase section */
		63C26F84276B548D0000857C /* Frameworks */ = {
			isa = PBXFrameworksBuildPhase;
			buildActionMask = 2147483647;
			files = (
				84DA70CA59080BEF283C2E98 /* Pods_MyTaxsiProject.framework in Frameworks */,
			);
			runOnlyForDeploymentPostprocessing = 0;
		};
/* End PBXFrameworksBuildPhase section */

/* Begin PBXGroup section */
		42465EEE9B42D5E6C38E2B7E /* Frameworks */ = {
			isa = PBXGroup;
			children = (
				47040DE3B7D7C9AFC06F1A84 /* Pods_MyTaxsiProject.framework */,
			);
			name = Frameworks;
			sourceTree = "<group>";
		};
		63C26F7E276B548D0000857C = {
			isa = PBXGroup;
			children = (
				63C26F89276B548D0000857C /* MyTaxsiProject */,
				63C26F88276B548D0000857C /* Products */,
				CBF6BCAC5FB8414C339504AE /* Pods */,
				42465EEE9B42D5E6C38E2B7E /* Frameworks */,
			);
			sourceTree = "<group>";
		};
		63C26F88276B548D0000857C /* Products */ = {
			isa = PBXGroup;
			children = (
				63C26F87276B548D0000857C /* MyTaxsiProject.app */,
			);
			name = Products;
			sourceTree = "<group>";
		};
		63C26F89276B548D0000857C /* MyTaxsiProject */ = {
			isa = PBXGroup;
			children = (
				63C26FAE276CB8300000857C /* ModelData */,
				63C26FAB276C8C4E0000857C /* OrderCollectionViewCell */,
				63C26FA1276B54960000857C /* App */,
				63C26FA2276B54C20000857C /* Controller */,
				63C26FA4276C4DB60000857C /* SideMenu */,
				63C26FA3276B54D30000857C /* Main */,
				63C26F9B276B54900000857C /* Info.plist */,
				63C26F93276B548D0000857C /* MyTaxsiProject.xcdatamodeld */,
			);
			path = MyTaxsiProject;
			sourceTree = "<group>";
		};
		63C26FA1276B54960000857C /* App */ = {
			isa = PBXGroup;
			children = (
				63C26F8C276B548D0000857C /* SceneDelegate.swift */,
				63C26F8A276B548D0000857C /* AppDelegate.swift */,
			);
			path = App;
			sourceTree = "<group>";
		};
		63C26FA2276B54C20000857C /* Controller */ = {
			isa = PBXGroup;
			children = (
				63C26F8E276B548D0000857C /* ViewController.swift */,
				63C26FA9276C5B600000857C /* MytripsViewController.swift */,
			);
			path = Controller;
			sourceTree = "<group>";
		};
		63C26FA3276B54D30000857C /* Main */ = {
			isa = PBXGroup;
			children = (
				63C26F96276B54900000857C /* Assets.xcassets */,
				63C26F98276B54900000857C /* LaunchScreen.storyboard */,
				63C26F90276B548D0000857C /* Main.storyboard */,
			);
			path = Main;
			sourceTree = "<group>";
		};
		63C26FA4276C4DB60000857C /* SideMenu */ = {
			isa = PBXGroup;
			children = (
				63C26FA5276C4DC50000857C /* MenuListVC.swift */,
				63C26FA7276C50670000857C /* SideMenuCell.swift */,
			);
			path = SideMenu;
			sourceTree = "<group>";
		};
		63C26FAB276C8C4E0000857C /* OrderCollectionViewCell */ = {
			isa = PBXGroup;
			children = (
				63C26FAC276C8C830000857C /* OrderViewCell.swift */,
			);
			path = OrderCollectionViewCell;
			sourceTree = "<group>";
		};
		63C26FAE276CB8300000857C /* ModelData */ = {
			isa = PBXGroup;
			children = (
				63C26FAF276CB8500000857C /* OrderData.swift */,
			);
			path = ModelData;
			sourceTree = "<group>";
		};
		CBF6BCAC5FB8414C339504AE /* Pods */ = {
			isa = PBXGroup;
			children = (
				B7353E10A6A5A77F917C0AE2 /* Pods-MyTaxsiProject.debug.xcconfig */,
				81E12EDC792DDAB4CE36FA85 /* Pods-MyTaxsiProject.release.xcconfig */,
			);
			path = Pods;
			sourceTree = "<group>";
		};
/* End PBXGroup section */

/* Begin PBXNativeTarget section */
		63C26F86276B548D0000857C /* MyTaxsiProject */ = {
			isa = PBXNativeTarget;
			buildConfigurationList = 63C26F9E276B54900000857C /* Build configuration list for PBXNativeTarget "MyTaxsiProject" */;
			buildPhases = (
				61646D3DCAB296D6413E3169 /* [CP] Check Pods Manifest.lock */,
				63C26F83276B548D0000857C /* Sources */,
				63C26F84276B548D0000857C /* Frameworks */,
				63C26F85276B548D0000857C /* Resources */,
				15A1F853BBB0E22A8B46434A /* [CP] Embed Pods Frameworks */,
			);
			buildRules = (
			);
			dependencies = (
			);
			name = MyTaxsiProject;
			productName = MyTaxsiProject;
			productReference = 63C26F87276B548D0000857C /* MyTaxsiProject.app */;
			productType = "com.apple.product-type.application";
		};
/* End PBXNativeTarget section */

/* Begin PBXProject section */
		63C26F7F276B548D0000857C /* Project object */ = {
			isa = PBXProject;
			attributes = {
				BuildIndependentTargetsInParallel = 1;
				LastSwiftUpdateCheck = 1310;
				LastUpgradeCheck = 1310;
				TargetAttributes = {
					63C26F86276B548D0000857C = {
						CreatedOnToolsVersion = 13.1;
					};
				};
			};
			buildConfigurationList = 63C26F82276B548D0000857C /* Build configuration list for PBXProject "MyTaxsiProject" */;
			compatibilityVersion = "Xcode 13.0";
			developmentRegion = en;
			hasScannedForEncodings = 0;
			knownRegions = (
				en,
				Base,
			);
			mainGroup = 63C26F7E276B548D0000857C;
			productRefGroup = 63C26F88276B548D0000857C /* Products */;
			projectDirPath = "";
			projectRoot = "";
			targets = (
				63C26F86276B548D0000857C /* MyTaxsiProject */,
			);
		};
/* End PBXProject section */

/* Begin PBXResourcesBuildPhase section */
		63C26F85276B548D0000857C /* Resources */ = {
			isa = PBXResourcesBuildPhase;
			buildActionMask = 2147483647;
			files = (
				63C26F9A276B54900000857C /* LaunchScreen.storyboard in Resources */,
				63C26F97276B54900000857C /* Assets.xcassets in Resources */,
				63C26F92276B548D0000857C /* Main.storyboard in Resources */,
			);
			runOnlyForDeploymentPostprocessing = 0;
		};
/* End PBXResourcesBuildPhase section */

/* Begin PBXShellScriptBuildPhase section */
		15A1F853BBB0E22A8B46434A /* [CP] Embed Pods Frameworks */ = {
			isa = PBXShellScriptBuildPhase;
			buildActionMask = 2147483647;
			files = (
			);
			inputFileListPaths = (
				"${PODS_ROOT}/Target Support Files/Pods-MyTaxsiProject/Pods-MyTaxsiProject-frameworks-${CONFIGURATION}-input-files.xcfilelist",
			);
			name = "[CP] Embed Pods Frameworks";
			outputFileListPaths = (
				"${PODS_ROOT}/Target Support Files/Pods-MyTaxsiProject/Pods-MyTaxsiProject-frameworks-${CONFIGURATION}-output-files.xcfilelist",
			);
			runOnlyForDeploymentPostprocessing = 0;
			shellPath = /bin/sh;
			shellScript = "\"${PODS_ROOT}/Target Support Files/Pods-MyTaxsiProject/Pods-MyTaxsiProject-frameworks.sh\"\n";
			showEnvVarsInLog = 0;
		};
		61646D3DCAB296D6413E3169 /* [CP] Check Pods Manifest.lock */ = {
			isa = PBXShellScriptBuildPhase;
			buildActionMask = 2147483647;
			files = (
			);
			inputFileListPaths = (
			);
			inputPaths = (
				"${PODS_PODFILE_DIR_PATH}/Podfile.lock",
				"${PODS_ROOT}/Manifest.lock",
			);
			name = "[CP] Check Pods Manifest.lock";
			outputFileListPaths = (
			);
			outputPaths = (
				"$(DERIVED_FILE_DIR)/Pods-MyTaxsiProject-checkManifestLockResult.txt",
			);
			runOnlyForDeploymentPostprocessing = 0;
			shellPath = /bin/sh;
			shellScript = "diff \"${PODS_PODFILE_DIR_PATH}/Podfile.lock\" \"${PODS_ROOT}/Manifest.lock\" > /dev/null\nif [ $? != 0 ] ; then\n    # print error to STDERR\n    echo \"error: The sandbox is not in sync with the Podfile.lock. Run 'pod install' or update your CocoaPods installation.\" >&2\n    exit 1\nfi\n# This output is used by Xcode 'outputs' to avoid re-running this script phase.\necho \"SUCCESS\" > \"${SCRIPT_OUTPUT_FILE_0}\"\n";
			showEnvVarsInLog = 0;
		};
/* End PBXShellScriptBuildPhase section */

/* Begin PBXSourcesBuildPhase section */
		63C26F83276B548D0000857C /* Sources */ = {
			isa = PBXSourcesBuildPhase;
			buildActionMask = 2147483647;
			files = (
				63C26F8F276B548D0000857C /* ViewController.swift in Sources */,
				63C26FA6276C4DC50000857C /* MenuListVC.swift in Sources */,
				63C26F95276B548D0000857C /* MyTaxsiProject.xcdatamodeld in Sources */,
				63C26F8B276B548D0000857C /* AppDelegate.swift in Sources */,
				63C26F8D276B548D0000857C /* SceneDelegate.swift in Sources */,
				63C26FAD276C8C830000857C /* OrderViewCell.swift in Sources */,
				63C26FA8276C50670000857C /* SideMenuCell.swift in Sources */,
				63C26FB0276CB8500000857C /* OrderData.swift in Sources */,
				63C26FAA276C5B600000857C /* MytripsViewController.swift in Sources */,
			);
			runOnlyForDeploymentPostprocessing = 0;
		};
/* End PBXSourcesBuildPhase section */

/* Begin PBXVariantGroup section */
		63C26F90276B548D0000857C /* Main.storyboard */ = {
			isa = PBXVariantGroup;
			children = (
				63C26F91276B548D0000857C /* Base */,
			);
			name = Main.storyboard;
			sourceTree = "<group>";
		};
		63C26F98276B54900000857C /* LaunchScreen.storyboard */ = {
			isa = PBXVariantGroup;
			children = (
				63C26F99276B54900000857C /* Base */,
			);
			name = LaunchScreen.storyboard;
			sourceTree = "<group>";
		};
/* End PBXVariantGroup section */

/* Begin XCBuildConfiguration section */
		63C26F9C276B54900000857C /* Debug */ = {
			isa = XCBuildConfiguration;
			buildSettings = {
				ALWAYS_SEARCH_USER_PATHS = NO;
				CLANG_ANALYZER_NONNULL = YES;
				CLANG_ANALYZER_NUMBER_OBJECT_CONVERSION = YES_AGGRESSIVE;
				CLANG_CXX_LANGUAGE_STANDARD = "gnu++17";
				CLANG_CXX_LIBRARY = "libc++";
				CLANG_ENABLE_MODULES = YES;
				CLANG_ENABLE_OBJC_ARC = YES;
				CLANG_ENABLE_OBJC_WEAK = YES;
				CLANG_WARN_BLOCK_CAPTURE_AUTORELEASING = YES;
				CLANG_WARN_BOOL_CONVERSION = YES;
				CLANG_WARN_COMMA = YES;
				CLANG_WARN_CONSTANT_CONVERSION = YES;
				CLANG_WARN_DEPRECATED_OBJC_IMPLEMENTATIONS = YES;
				CLANG_WARN_DIRECT_OBJC_ISA_USAGE = YES_ERROR;
				CLANG_WARN_DOCUMENTATION_COMMENTS = YES;
				CLANG_WARN_EMPTY_BODY = YES;
				CLANG_WARN_ENUM_CONVERSION = YES;
				CLANG_WARN_INFINITE_RECURSION = YES;
				CLANG_WARN_INT_CONVERSION = YES;
				CLANG_WARN_NON_LITERAL_NULL_CONVERSION = YES;
				CLANG_WARN_OBJC_IMPLICIT_RETAIN_SELF = YES;
				CLANG_WARN_OBJC_LITERAL_CONVERSION = YES;
				CLANG_WARN_OBJC_ROOT_CLASS = YES_ERROR;
				CLANG_WARN_QUOTED_INCLUDE_IN_FRAMEWORK_HEADER = YES;
				CLANG_WARN_RANGE_LOOP_ANALYSIS = YES;
				CLANG_WARN_STRICT_PROTOTYPES = YES;
				CLANG_WARN_SUSPICIOUS_MOVE = YES;
				CLANG_WARN_UNGUARDED_AVAILABILITY = YES_AGGRESSIVE;
				CLANG_WARN_UNREACHABLE_CODE = YES;
				CLANG_WARN__DUPLICATE_METHOD_MATCH = YES;
				COPY_PHASE_STRIP = NO;
				DEBUG_INFORMATION_FORMAT = dwarf;
				ENABLE_STRICT_OBJC_MSGSEND = YES;
				ENABLE_TESTABILITY = YES;
				GCC_C_LANGUAGE_STANDARD = gnu11;
				GCC_DYNAMIC_NO_PIC = NO;
				GCC_NO_COMMON_BLOCKS = YES;
				GCC_OPTIMIZATION_LEVEL = 0;
				GCC_PREPROCESSOR_DEFINITIONS = (
					"DEBUG=1",
					"$(inherited)",
				);
				GCC_WARN_64_TO_32_BIT_CONVERSION = YES;
				GCC_WARN_ABOUT_RETURN_TYPE = YES_ERROR;
				GCC_WARN_UNDECLARED_SELECTOR = YES;
				GCC_WARN_UNINITIALIZED_AUTOS = YES_AGGRESSIVE;
				GCC_WARN_UNUSED_FUNCTION = YES;
				GCC_WARN_UNUSED_VARIABLE = YES;
				IPHONEOS_DEPLOYMENT_TARGET = 15.0;
				MTL_ENABLE_DEBUG_INFO = INCLUDE_SOURCE;
				MTL_FAST_MATH = YES;
				ONLY_ACTIVE_ARCH = YES;
				SDKROOT = iphoneos;
				SWIFT_ACTIVE_COMPILATION_CONDITIONS = DEBUG;
				SWIFT_OPTIMIZATION_LEVEL = "-Onone";
			};
			name = Debug;
		};
		63C26F9D276B54900000857C /* Release */ = {
			isa = XCBuildConfiguration;
			buildSettings = {
				ALWAYS_SEARCH_USER_PATHS = NO;
				CLANG_ANALYZER_NONNULL = YES;
				CLANG_ANALYZER_NUMBER_OBJECT_CONVERSION = YES_AGGRESSIVE;
				CLANG_CXX_LANGUAGE_STANDARD = "gnu++17";
				CLANG_CXX_LIBRARY = "libc++";
				CLANG_ENABLE_MODULES = YES;
				CLANG_ENABLE_OBJC_ARC = YES;
				CLANG_ENABLE_OBJC_WEAK = YES;
				CLANG_WARN_BLOCK_CAPTURE_AUTORELEASING = YES;
				CLANG_WARN_BOOL_CONVERSION = YES;
				CLANG_WARN_COMMA = YES;
				CLANG_WARN_CONSTANT_CONVERSION = YES;
				CLANG_WARN_DEPRECATED_OBJC_IMPLEMENTATIONS = YES;
				CLANG_WARN_DIRECT_OBJC_ISA_USAGE = YES_ERROR;
				CLANG_WARN_DOCUMENTATION_COMMENTS = YES;
				CLANG_WARN_EMPTY_BODY = YES;
				CLANG_WARN_ENUM_CONVERSION = YES;
				CLANG_WARN_INFINITE_RECURSION = YES;
				CLANG_WARN_INT_CONVERSION = YES;
				CLANG_WARN_NON_LITERAL_NULL_CONVERSION = YES;
				CLANG_WARN_OBJC_IMPLICIT_RETAIN_SELF = YES;
				CLANG_WARN_OBJC_LITERAL_CONVERSION = YES;
				CLANG_WARN_OBJC_ROOT_CLASS = YES_ERROR;
				CLANG_WARN_QUOTED_INCLUDE_IN_FRAMEWORK_HEADER = YES;
				CLANG_WARN_RANGE_LOOP_ANALYSIS = YES;
				CLANG_WARN_STRICT_PROTOTYPES = YES;
				CLANG_WARN_SUSPICIOUS_MOVE = YES;
				CLANG_WARN_UNGUARDED_AVAILABILITY = YES_AGGRESSIVE;
				CLANG_WARN_UNREACHABLE_CODE = YES;
				CLANG_WARN__DUPLICATE_METHOD_MATCH = YES;
				COPY_PHASE_STRIP = NO;
				DEBUG_INFORMATION_FORMAT = "dwarf-with-dsym";
				ENABLE_NS_ASSERTIONS = NO;
				ENABLE_STRICT_OBJC_MSGSEND = YES;
				GCC_C_LANGUAGE_STANDARD = gnu11;
				GCC_NO_COMMON_BLOCKS = YES;
				GCC_WARN_64_TO_32_BIT_CONVERSION = YES;
				GCC_WARN_ABOUT_RETURN_TYPE = YES_ERROR;
				GCC_WARN_UNDECLARED_SELECTOR = YES;
				GCC_WARN_UNINITIALIZED_AUTOS = YES_AGGRESSIVE;
				GCC_WARN_UNUSED_FUNCTION = YES;
				GCC_WARN_UNUSED_VARIABLE = YES;
				IPHONEOS_DEPLOYMENT_TARGET = 15.0;
				MTL_ENABLE_DEBUG_INFO = NO;
				MTL_FAST_MATH = YES;
				SDKROOT = iphoneos;
				SWIFT_COMPILATION_MODE = wholemodule;
				SWIFT_OPTIMIZATION_LEVEL = "-O";
				VALIDATE_PRODUCT = YES;
			};
			name = Release;
		};
		63C26F9F276B54900000857C /* Debug */ = {
			isa = XCBuildConfiguration;
			baseConfigurationReference = B7353E10A6A5A77F917C0AE2 /* Pods-MyTaxsiProject.debug.xcconfig */;
			buildSettings = {
				ASSETCATALOG_COMPILER_APPICON_NAME = AppIcon;
				ASSETCATALOG_COMPILER_GLOBAL_ACCENT_COLOR_NAME = AccentColor;
				CODE_SIGN_STYLE = Automatic;
				CURRENT_PROJECT_VERSION = 1;
				GENERATE_INFOPLIST_FILE = YES;
				INFOPLIST_FILE = MyTaxsiProject/Info.plist;
				INFOPLIST_KEY_UIApplicationSupportsIndirectInputEvents = YES;
				INFOPLIST_KEY_UILaunchStoryboardName = LaunchScreen;
				INFOPLIST_KEY_UIMainStoryboardFile = Main;
				INFOPLIST_KEY_UISupportedInterfaceOrientations_iPad = "UIInterfaceOrientationPortrait UIInterfaceOrientationPortraitUpsideDown UIInterfaceOrientationLandscapeLeft UIInterfaceOrientationLandscapeRight";
				INFOPLIST_KEY_UISupportedInterfaceOrientations_iPhone = "UIInterfaceOrientationPortrait UIInterfaceOrientationLandscapeLeft UIInterfaceOrientationLandscapeRight";
				LD_RUNPATH_SEARCH_PATHS = (
					"$(inherited)",
					"@executable_path/Frameworks",
				);
				MARKETING_VERSION = 1.0;
				PRODUCT_BUNDLE_IDENTIFIER = uz.integer.MyTaxsiProject;
				PRODUCT_NAME = "$(TARGET_NAME)";
				SWIFT_EMIT_LOC_STRINGS = YES;
				SWIFT_VERSION = 5.0;
				TARGETED_DEVICE_FAMILY = "1,2";
			};
			name = Debug;
		};
		63C26FA0276B54900000857C /* Release */ = {
			isa = XCBuildConfiguration;
			baseConfigurationReference = 81E12EDC792DDAB4CE36FA85 /* Pods-MyTaxsiProject.release.xcconfig */;
			buildSettings = {
				ASSETCATALOG_COMPILER_APPICON_NAME = AppIcon;
				ASSETCATALOG_COMPILER_GLOBAL_ACCENT_COLOR_NAME = AccentColor;
				CODE_SIGN_STYLE = Automatic;
				CURRENT_PROJECT_VERSION = 1;
				GENERATE_INFOPLIST_FILE = YES;
				INFOPLIST_FILE = MyTaxsiProject/Info.plist;
				INFOPLIST_KEY_UIApplicationSupportsIndirectInputEvents = YES;
				INFOPLIST_KEY_UILaunchStoryboardName = LaunchScreen;
				INFOPLIST_KEY_UIMainStoryboardFile = Main;
				INFOPLIST_KEY_UISupportedInterfaceOrientations_iPad = "UIInterfaceOrientationPortrait UIInterfaceOrientationPortraitUpsideDown UIInterfaceOrientationLandscapeLeft UIInterfaceOrientationLandscapeRight";
				INFOPLIST_KEY_UISupportedInterfaceOrientations_iPhone = "UIInterfaceOrientationPortrait UIInterfaceOrientationLandscapeLeft UIInterfaceOrientationLandscapeRight";
				LD_RUNPATH_SEARCH_PATHS = (
					"$(inherited)",
					"@executable_path/Frameworks",
				);
				MARKETING_VERSION = 1.0;
				PRODUCT_BUNDLE_IDENTIFIER = uz.integer.MyTaxsiProject;
				PRODUCT_NAME = "$(TARGET_NAME)";
				SWIFT_EMIT_LOC_STRINGS = YES;
				SWIFT_VERSION = 5.0;
				TARGETED_DEVICE_FAMILY = "1,2";
			};
			name = Release;
		};
/* End XCBuildConfiguration section */

/* Begin XCConfigurationList section */
		63C26F82276B548D0000857C /* Build configuration list for PBXProject "MyTaxsiProject" */ = {
			isa = XCConfigurationList;
			buildConfigurations = (
				63C26F9C276B54900000857C /* Debug */,
				63C26F9D276B54900000857C /* Release */,
			);
			defaultConfigurationIsVisible = 0;
			defaultConfigurationName = Release;
		};
		63C26F9E276B54900000857C /* Build configuration list for PBXNativeTarget "MyTaxsiProject" */ = {
			isa = XCConfigurationList;
			buildConfigurations = (
				63C26F9F276B54900000857C /* Debug */,
				63C26FA0276B54900000857C /* Release */,
			);
			defaultConfigurationIsVisible = 0;
			defaultConfigurationName = Release;
		};
/* End XCConfigurationList section */

/* Begin XCVersionGroup section */
		63C26F93276B548D0000857C /* MyTaxsiProject.xcdatamodeld */ = {
			isa = XCVersionGroup;
			children = (
				63C26F94276B548D0000857C /* MyTaxsiProject.xcdatamodel */,
			);
			currentVersion = 63C26F94276B548D0000857C /* MyTaxsiProject.xcdatamodel */;
			path = MyTaxsiProject.xcdatamodeld;
			sourceTree = "<group>";
			versionGroupType = wrapper.xcdatamodel;
		};
/* End XCVersionGroup section */
	};
	rootObject = 63C26F7F276B548D0000857C /* Project object */;
}
